
Microsoft Visual Studio Solution File, Format Version 12.00
# Visual Studio Version 17
VisualStudioVersion = 17.4.33403.182
MinimumVisualStudioVersion = 10.0.40219.1
Project("{FAE04EC0-301F-11D3-BF4B-00C04F79EFBC}") = "To do thing", "To do thing\To do thing.csproj", "{2C5025AD-0001-4B37-AB81-EC627C94D45B}"
EndProject
Global
	GlobalSection(SolutionConfigurationPlatforms) = preSolution
		Debug|Any CPU = Debug|Any CPU
		Release|Any CPU = Release|Any CPU
	EndGlobalSection
	GlobalSection(ProjectConfigurationPlatforms) = postSolution
		{2C5025AD-0001-4B37-AB81-EC627C94D45B}.Debug|Any CPU.ActiveCfg = Debug|Any CPU
		{2C5025AD-0001-4B37-AB81-EC627C94D45B}.Debug|Any CPU.Build.0 = Debug|Any CPU
		{2C5025AD-0001-4B37-AB81-EC627C94D45B}.Release|Any CPU.ActiveCfg = Release|Any CPU
		{2C5025AD-0001-4B37-AB81-EC627C94D45B}.Release|Any CPU.Build.0 = Release|Any CPU
	EndGlobalSection
	GlobalSection(SolutionProperties) = preSolution
		HideSolutionNode = FALSE
	EndGlobalSection
	GlobalSection(ExtensibilityGlobals) = postSolution
		SolutionGuid = {A61EECFA-13AD-4E22-BE7D-6C2574D854E6}
	EndGlobalSection
EndGlobal
